
Microsoft Visual Studio Solution File, Format Version 12.00
# Visual Studio Version 17
VisualStudioVersion = 17.2.32519.379
MinimumVisualStudioVersion = 10.0.40219.1
Project("{FAE04EC0-301F-11D3-BF4B-00C04F79EFBC}") = "prySerafiniGiorgi-IEFI", "prySerafiniGiorgi-IEFI.csproj", "{8B1569C7-4689-4358-ADFF-1CA235F0487A}"
EndProject
Global
	GlobalSection(SolutionConfigurationPlatforms) = preSolution
		Debug|Any CPU = Debug|Any CPU
		Release|Any CPU = Release|Any CPU
	EndGlobalSection
	GlobalSection(ProjectConfigurationPlatforms) = postSolution
		{8B1569C7-4689-4358-ADFF-1CA235F0487A}.Debug|Any CPU.ActiveCfg = Debug|Any CPU
		{8B1569C7-4689-4358-ADFF-1CA235F0487A}.Debug|Any CPU.Build.0 = Debug|Any CPU
		{8B1569C7-4689-4358-ADFF-1CA235F0487A}.Release|Any CPU.ActiveCfg = Release|Any CPU
		{8B1569C7-4689-4358-ADFF-1CA235F0487A}.Release|Any CPU.Build.0 = Release|Any CPU
	EndGlobalSection
	GlobalSection(SolutionProperties) = preSolution
		HideSolutionNode = FALSE
	EndGlobalSection
	GlobalSection(ExtensibilityGlobals) = postSolution
		SolutionGuid = {7A86534F-CFFF-4D23-9B32-AE9170FC91F1}
	EndGlobalSection
EndGlobal
